
Microsoft Visual Studio Solution File, Format Version 12.00
# Visual Studio Version 17
VisualStudioVersion = 17.8.34330.188
MinimumVisualStudioVersion = 10.0.40219.1
Project("{FAE04EC0-301F-11D3-BF4B-00C04F79EFBC}") = "DAL", "DAL\DAL.csproj", "{B43073AD-61D0-4C7A-ADD2-01A96D057515}"
EndProject
Project("{FAE04EC0-301F-11D3-BF4B-00C04F79EFBC}") = "BLL", "BLL\BLL.csproj", "{39C1FFFF-72E3-430C-9F15-59738B657A9E}"
EndProject
Project("{FAE04EC0-301F-11D3-BF4B-00C04F79EFBC}") = "GUI", "GUI\GUI.csproj", "{FDF0F3E6-AC81-4E8B-823A-8CAACE1E9ED1}"
EndProject
Global
	GlobalSection(SolutionConfigurationPlatforms) = preSolution
		Debug|Any CPU = Debug|Any CPU
		Release|Any CPU = Release|Any CPU
	EndGlobalSection
	GlobalSection(ProjectConfigurationPlatforms) = postSolution
		{B43073AD-61D0-4C7A-ADD2-01A96D057515}.Debug|Any CPU.ActiveCfg = Debug|Any CPU
		{B43073AD-61D0-4C7A-ADD2-01A96D057515}.Debug|Any CPU.Build.0 = Debug|Any CPU
		{B43073AD-61D0-4C7A-ADD2-01A96D057515}.Release|Any CPU.ActiveCfg = Release|Any CPU
		{B43073AD-61D0-4C7A-ADD2-01A96D057515}.Release|Any CPU.Build.0 = Release|Any CPU
		{39C1FFFF-72E3-430C-9F15-59738B657A9E}.Debug|Any CPU.ActiveCfg = Debug|Any CPU
		{39C1FFFF-72E3-430C-9F15-59738B657A9E}.Debug|Any CPU.Build.0 = Debug|Any CPU
		{39C1FFFF-72E3-430C-9F15-59738B657A9E}.Release|Any CPU.ActiveCfg = Release|Any CPU
		{39C1FFFF-72E3-430C-9F15-59738B657A9E}.Release|Any CPU.Build.0 = Release|Any CPU
		{FDF0F3E6-AC81-4E8B-823A-8CAACE1E9ED1}.Debug|Any CPU.ActiveCfg = Debug|Any CPU
		{FDF0F3E6-AC81-4E8B-823A-8CAACE1E9ED1}.Debug|Any CPU.Build.0 = Debug|Any CPU
		{FDF0F3E6-AC81-4E8B-823A-8CAACE1E9ED1}.Release|Any CPU.ActiveCfg = Release|Any CPU
		{FDF0F3E6-AC81-4E8B-823A-8CAACE1E9ED1}.Release|Any CPU.Build.0 = Release|Any CPU
	EndGlobalSection
	GlobalSection(SolutionProperties) = preSolution
		HideSolutionNode = FALSE
	EndGlobalSection
	GlobalSection(ExtensibilityGlobals) = postSolution
		SolutionGuid = {B945931A-F1AE-4206-992D-A132F53CA960}
	EndGlobalSection
EndGlobal
